
Microsoft Visual Studio Solution File, Format Version 12.00
# Visual Studio Version 16
VisualStudioVersion = 16.0.30225.117
MinimumVisualStudioVersion = 10.0.40219.1
Project("{9A19103F-16F7-4668-BE54-9A1E7A4F7556}") = "ByteBank", "ByteBank.csproj", "{6EC9EA18-1398-4F18-AE32-3549784B1C28}"
EndProject
Project("{FAE04EC0-301F-11D3-BF4B-00C04F79EFBC}") = "02-ByteBank", "..\02-ByteBank\02-ByteBank.csproj", "{6DB800FB-EC5C-4398-8A2E-281B5ED8546C}"
EndProject
Global
	GlobalSection(SolutionConfigurationPlatforms) = preSolution
		Debug|Any CPU = Debug|Any CPU
		Release|Any CPU = Release|Any CPU
	EndGlobalSection
	GlobalSection(ProjectConfigurationPlatforms) = postSolution
		{6EC9EA18-1398-4F18-AE32-3549784B1C28}.Debug|Any CPU.ActiveCfg = Debug|Any CPU
		{6EC9EA18-1398-4F18-AE32-3549784B1C28}.Debug|Any CPU.Build.0 = Debug|Any CPU
		{6EC9EA18-1398-4F18-AE32-3549784B1C28}.Release|Any CPU.ActiveCfg = Release|Any CPU
		{6EC9EA18-1398-4F18-AE32-3549784B1C28}.Release|Any CPU.Build.0 = Release|Any CPU
		{6DB800FB-EC5C-4398-8A2E-281B5ED8546C}.Debug|Any CPU.ActiveCfg = Debug|Any CPU
		{6DB800FB-EC5C-4398-8A2E-281B5ED8546C}.Debug|Any CPU.Build.0 = Debug|Any CPU
		{6DB800FB-EC5C-4398-8A2E-281B5ED8546C}.Release|Any CPU.ActiveCfg = Release|Any CPU
		{6DB800FB-EC5C-4398-8A2E-281B5ED8546C}.Release|Any CPU.Build.0 = Release|Any CPU
	EndGlobalSection
	GlobalSection(SolutionProperties) = preSolution
		HideSolutionNode = FALSE
	EndGlobalSection
	GlobalSection(ExtensibilityGlobals) = postSolution
		SolutionGuid = {7483CC4F-ED80-42DD-B23D-609CBCAC0569}
	EndGlobalSection
EndGlobal
