
Microsoft Visual Studio Solution File, Format Version 12.00
# Visual Studio Version 16
VisualStudioVersion = 16.0.30611.23
MinimumVisualStudioVersion = 10.0.40219.1
Project("{FAE04EC0-301F-11D3-BF4B-00C04F79EFBC}") = "CasaDoCodigo", "CasaDoCodigo.csproj", "{A3BE29F1-A62E-49A9-A8FC-68808ED86E5E}"
EndProject
Global
	GlobalSection(SolutionConfigurationPlatforms) = preSolution
		Debug|Any CPU = Debug|Any CPU
		Release|Any CPU = Release|Any CPU
	EndGlobalSection
	GlobalSection(ProjectConfigurationPlatforms) = postSolution
		{A3BE29F1-A62E-49A9-A8FC-68808ED86E5E}.Debug|Any CPU.ActiveCfg = Debug|Any CPU
		{A3BE29F1-A62E-49A9-A8FC-68808ED86E5E}.Debug|Any CPU.Build.0 = Debug|Any CPU
		{A3BE29F1-A62E-49A9-A8FC-68808ED86E5E}.Release|Any CPU.ActiveCfg = Release|Any CPU
		{A3BE29F1-A62E-49A9-A8FC-68808ED86E5E}.Release|Any CPU.Build.0 = Release|Any CPU
	EndGlobalSection
	GlobalSection(SolutionProperties) = preSolution
		HideSolutionNode = FALSE
	EndGlobalSection
	GlobalSection(ExtensibilityGlobals) = postSolution
		SolutionGuid = {6A7E79E1-081E-409C-89D6-95A4859319BB}
	EndGlobalSection
EndGlobal
